
Microsoft Visual Studio Solution File, Format Version 12.00
# Visual Studio Version 18
VisualStudioVersion = 18.0.11217.181 d18.0
MinimumVisualStudioVersion = 10.0.40219.1
Project("{FAE04EC0-301F-11D3-BF4B-00C04F79EFBC}") = "SafetyDemo", "SafetyDemo.csproj", "{C7BD92EA-BCC2-4A59-F68B-4F430605528C}"
EndProject
Global
	GlobalSection(SolutionConfigurationPlatforms) = preSolution
		Debug|Any CPU = Debug|Any CPU
		Release|Any CPU = Release|Any CPU
	EndGlobalSection
	GlobalSection(ProjectConfigurationPlatforms) = postSolution
		{C7BD92EA-BCC2-4A59-F68B-4F430605528C}.Debug|Any CPU.ActiveCfg = Debug|Any CPU
		{C7BD92EA-BCC2-4A59-F68B-4F430605528C}.Debug|Any CPU.Build.0 = Debug|Any CPU
		{C7BD92EA-BCC2-4A59-F68B-4F430605528C}.Release|Any CPU.ActiveCfg = Release|Any CPU
		{C7BD92EA-BCC2-4A59-F68B-4F430605528C}.Release|Any CPU.Build.0 = Release|Any CPU
	EndGlobalSection
	GlobalSection(SolutionProperties) = preSolution
		HideSolutionNode = FALSE
	EndGlobalSection
	GlobalSection(ExtensibilityGlobals) = postSolution
		SolutionGuid = {D4AF54DC-47D4-4A33-A4BC-B2205E158E7D}
	EndGlobalSection
EndGlobal
